
Microsoft Visual Studio Solution File, Format Version 12.00
# Visual Studio Version 17
VisualStudioVersion = 17.10.35122.118
MinimumVisualStudioVersion = 10.0.40219.1
Project("{FAE04EC0-301F-11D3-BF4B-00C04F79EFBC}") = "CrossPlatform", "CrossPlatform\CrossPlatform.csproj", "{943AF86F-E866-4711-8502-B7AA93648385}"
EndProject
Project("{FAE04EC0-301F-11D3-BF4B-00C04F79EFBC}") = "WindowsApp", "WindowsApp\WindowsApp.csproj", "{1A6D2EB8-E919-4647-918C-611E1320C9A9}"
EndProject
Project("{FAE04EC0-301F-11D3-BF4B-00C04F79EFBC}") = "UbuntuApp", "UbuntuApp\UbuntuApp.csproj", "{CFEEA3EA-8FA3-46CE-9D00-04F300BC36E2}"
EndProject
Global
	GlobalSection(SolutionConfigurationPlatforms) = preSolution
		Debug|Any CPU = Debug|Any CPU
		Release|Any CPU = Release|Any CPU
	EndGlobalSection
	GlobalSection(ProjectConfigurationPlatforms) = postSolution
		{943AF86F-E866-4711-8502-B7AA93648385}.Debug|Any CPU.ActiveCfg = Debug|Any CPU
		{943AF86F-E866-4711-8502-B7AA93648385}.Debug|Any CPU.Build.0 = Debug|Any CPU
		{943AF86F-E866-4711-8502-B7AA93648385}.Release|Any CPU.ActiveCfg = Release|Any CPU
		{943AF86F-E866-4711-8502-B7AA93648385}.Release|Any CPU.Build.0 = Release|Any CPU
		{1A6D2EB8-E919-4647-918C-611E1320C9A9}.Debug|Any CPU.ActiveCfg = Debug|Any CPU
		{1A6D2EB8-E919-4647-918C-611E1320C9A9}.Debug|Any CPU.Build.0 = Debug|Any CPU
		{1A6D2EB8-E919-4647-918C-611E1320C9A9}.Release|Any CPU.ActiveCfg = Release|Any CPU
		{1A6D2EB8-E919-4647-918C-611E1320C9A9}.Release|Any CPU.Build.0 = Release|Any CPU
		{CFEEA3EA-8FA3-46CE-9D00-04F300BC36E2}.Debug|Any CPU.ActiveCfg = Debug|Any CPU
		{CFEEA3EA-8FA3-46CE-9D00-04F300BC36E2}.Debug|Any CPU.Build.0 = Debug|Any CPU
		{CFEEA3EA-8FA3-46CE-9D00-04F300BC36E2}.Release|Any CPU.ActiveCfg = Release|Any CPU
		{CFEEA3EA-8FA3-46CE-9D00-04F300BC36E2}.Release|Any CPU.Build.0 = Release|Any CPU
	EndGlobalSection
	GlobalSection(SolutionProperties) = preSolution
		HideSolutionNode = FALSE
	EndGlobalSection
	GlobalSection(ExtensibilityGlobals) = postSolution
		SolutionGuid = {C4E3FA50-BA8D-4722-B7F0-469275218F5B}
	EndGlobalSection
EndGlobal
